
Microsoft Visual Studio Solution File, Format Version 12.00
# Visual Studio Version 17
VisualStudioVersion = 17.5.33627.172
MinimumVisualStudioVersion = 10.0.40219.1
Project("{9A19103F-16F7-4668-BE54-9A1E7A4F7556}") = "RCApp", "RCApp\RCApp.csproj", "{C324A919-1AE5-4BF5-BD37-BF855308D60B}"
EndProject
Project("{9A19103F-16F7-4668-BE54-9A1E7A4F7556}") = "RCLibrary", "RCLibrary\RCLibrary.csproj", "{AF396F27-60BC-41D2-AA2D-51B6124B44A4}"
EndProject
Project("{9A19103F-16F7-4668-BE54-9A1E7A4F7556}") = "RCInterface", "RCInterface\RCInterface.csproj", "{60AAA925-4DA7-441F-A419-0A93B0387A60}"
EndProject
Project("{FAE04EC0-301F-11D3-BF4B-00C04F79EFBC}") = "RCTests", "RCTests\RCTests.csproj", "{45D0A7EF-AA01-4B09-B5B7-D55FEF1FAAF6}"
EndProject
Global
	GlobalSection(SolutionConfigurationPlatforms) = preSolution
		Debug|Any CPU = Debug|Any CPU
		Release|Any CPU = Release|Any CPU
	EndGlobalSection
	GlobalSection(ProjectConfigurationPlatforms) = postSolution
		{C324A919-1AE5-4BF5-BD37-BF855308D60B}.Debug|Any CPU.ActiveCfg = Debug|Any CPU
		{C324A919-1AE5-4BF5-BD37-BF855308D60B}.Debug|Any CPU.Build.0 = Debug|Any CPU
		{C324A919-1AE5-4BF5-BD37-BF855308D60B}.Release|Any CPU.ActiveCfg = Release|Any CPU
		{C324A919-1AE5-4BF5-BD37-BF855308D60B}.Release|Any CPU.Build.0 = Release|Any CPU
		{AF396F27-60BC-41D2-AA2D-51B6124B44A4}.Debug|Any CPU.ActiveCfg = Debug|Any CPU
		{AF396F27-60BC-41D2-AA2D-51B6124B44A4}.Debug|Any CPU.Build.0 = Debug|Any CPU
		{AF396F27-60BC-41D2-AA2D-51B6124B44A4}.Release|Any CPU.ActiveCfg = Release|Any CPU
		{AF396F27-60BC-41D2-AA2D-51B6124B44A4}.Release|Any CPU.Build.0 = Release|Any CPU
		{60AAA925-4DA7-441F-A419-0A93B0387A60}.Debug|Any CPU.ActiveCfg = Debug|Any CPU
		{60AAA925-4DA7-441F-A419-0A93B0387A60}.Debug|Any CPU.Build.0 = Debug|Any CPU
		{60AAA925-4DA7-441F-A419-0A93B0387A60}.Release|Any CPU.ActiveCfg = Release|Any CPU
		{60AAA925-4DA7-441F-A419-0A93B0387A60}.Release|Any CPU.Build.0 = Release|Any CPU
		{45D0A7EF-AA01-4B09-B5B7-D55FEF1FAAF6}.Debug|Any CPU.ActiveCfg = Debug|Any CPU
		{45D0A7EF-AA01-4B09-B5B7-D55FEF1FAAF6}.Debug|Any CPU.Build.0 = Debug|Any CPU
		{45D0A7EF-AA01-4B09-B5B7-D55FEF1FAAF6}.Release|Any CPU.ActiveCfg = Release|Any CPU
		{45D0A7EF-AA01-4B09-B5B7-D55FEF1FAAF6}.Release|Any CPU.Build.0 = Release|Any CPU
	EndGlobalSection
	GlobalSection(SolutionProperties) = preSolution
		HideSolutionNode = FALSE
	EndGlobalSection
	GlobalSection(ExtensibilityGlobals) = postSolution
		SolutionGuid = {97651386-38B4-4796-97D8-617B1586223F}
	EndGlobalSection
EndGlobal
